github.com/JovidYnwa/bank v0.0.0-20200925122455-3fdb54da0ad9 h1:dkWTzERpZy10uUcnYlw5sNctpBy7nEFXHqWnNk2ypOI=
github.com/JovidYnwa/bank v0.0.0-20200925122455-3fdb54da0ad9/go.mod h1:uKhHu1zdBFc2Kiq2KCUcrv3oKSOf4DRRXHGLYSedkng=
github.com/JovidYnwa/bank v0.0.0-20200925123634-618229cd6b84 h1:96jwnyr/bzY5n5YH7mvA8AlP6skL8xYWokzTAy9DW/o=
github.com/JovidYnwa/bank v0.0.0-20200925123634-618229cd6b84/go.mod h1:uKhHu1zdBFc2Kiq2KCUcrv3oKSOf4DRRXHGLYSedkng=
